
Microsoft Visual Studio Solution File, Format Version 12.00
# Visual Studio 15
VisualStudioVersion = 15.0.28307.757
MinimumVisualStudioVersion = 10.0.40219.1
Project("{9A19103F-16F7-4668-BE54-9A1E7A4F7556}") = "security-demo-angular", "angular\security-demo-angular.csproj", "{2FBDDEE7-3B36-4DFE-A1B2-36D98EACC7D6}"
EndProject
Global
	GlobalSection(SolutionConfigurationPlatforms) = preSolution
		Debug|Any CPU = Debug|Any CPU
		Release|Any CPU = Release|Any CPU
	EndGlobalSection
	GlobalSection(ProjectConfigurationPlatforms) = postSolution
		{2FBDDEE7-3B36-4DFE-A1B2-36D98EACC7D6}.Debug|Any CPU.ActiveCfg = Debug|Any CPU
		{2FBDDEE7-3B36-4DFE-A1B2-36D98EACC7D6}.Debug|Any CPU.Build.0 = Debug|Any CPU
		{2FBDDEE7-3B36-4DFE-A1B2-36D98EACC7D6}.Release|Any CPU.ActiveCfg = Release|Any CPU
		{2FBDDEE7-3B36-4DFE-A1B2-36D98EACC7D6}.Release|Any CPU.Build.0 = Release|Any CPU
	EndGlobalSection
	GlobalSection(SolutionProperties) = preSolution
		HideSolutionNode = FALSE
	EndGlobalSection
	GlobalSection(ExtensibilityGlobals) = postSolution
		SolutionGuid = {6E1CF536-F522-41F9-B2CB-51B3CE2ABD4D}
	EndGlobalSection
EndGlobal
